
Microsoft Visual Studio Solution File, Format Version 12.00
# Visual Studio Version 16
VisualStudioVersion = 25.0.1706.0
MinimumVisualStudioVersion = 10.0.40219.1
Project("{FAE04EC0-301F-11D3-BF4B-00C04F79EFBC}") = "ambulance booking sytem", "ambulance booking sytem\ambulance booking sytem.csproj", "{0F0F9B08-B572-4B1A-B704-10AFA4B037A4}"
EndProject
Global
	GlobalSection(SolutionConfigurationPlatforms) = preSolution
		Debug|Any CPU = Debug|Any CPU
		Release|Any CPU = Release|Any CPU
	EndGlobalSection
	GlobalSection(ProjectConfigurationPlatforms) = postSolution
		{0F0F9B08-B572-4B1A-B704-10AFA4B037A4}.Debug|Any CPU.ActiveCfg = Debug|Any CPU
		{0F0F9B08-B572-4B1A-B704-10AFA4B037A4}.Debug|Any CPU.Build.0 = Debug|Any CPU
		{0F0F9B08-B572-4B1A-B704-10AFA4B037A4}.Release|Any CPU.ActiveCfg = Release|Any CPU
		{0F0F9B08-B572-4B1A-B704-10AFA4B037A4}.Release|Any CPU.Build.0 = Release|Any CPU
	EndGlobalSection
	GlobalSection(SolutionProperties) = preSolution
		HideSolutionNode = FALSE
	EndGlobalSection
	GlobalSection(ExtensibilityGlobals) = postSolution
		SolutionGuid = {3A7A9630-038F-45C1-95D3-3896B5B05E23}
	EndGlobalSection
EndGlobal
